// !$*UTF8*$!
{
	archiveVersion = 1;
	classes = {
	};
	objectVersion = 50;
	objects = {

/* Begin PBXBuildFile section */
		C014DCB123EA674400C56200 /* AppDelegate.swift in Sources */ = {isa = PBXBuildFile; fileRef = C014DCB023EA674400C56200 /* AppDelegate.swift */; };
		C014DCB323EA674400C56200 /* SceneDelegate.swift in Sources */ = {isa = PBXBuildFile; fileRef = C014DCB223EA674400C56200 /* SceneDelegate.swift */; };
		C014DCB523EA674400C56200 /* ContentView.swift in Sources */ = {isa = PBXBuildFile; fileRef = C014DCB423EA674400C56200 /* ContentView.swift */; };
		C014DCB723EA674600C56200 /* Assets.xcassets in Resources */ = {isa = PBXBuildFile; fileRef = C014DCB623EA674600C56200 /* Assets.xcassets */; };
		C014DCBA23EA674600C56200 /* Preview Assets.xcassets in Resources */ = {isa = PBXBuildFile; fileRef = C014DCB923EA674600C56200 /* Preview Assets.xcassets */; };
		C014DCBD23EA674600C56200 /* LaunchScreen.storyboard in Resources */ = {isa = PBXBuildFile; fileRef = C014DCBB23EA674600C56200 /* LaunchScreen.storyboard */; };
		C014DCC823EA674600C56200 /* Location_testTests.swift in Sources */ = {isa = PBXBuildFile; fileRef = C014DCC723EA674600C56200 /* Location_testTests.swift */; };
		C014DCD323EA674600C56200 /* Location_testUITests.swift in Sources */ = {isa = PBXBuildFile; fileRef = C014DCD223EA674600C56200 /* Location_testUITests.swift */; };
/* End PBXBuildFile section */

/* Begin PBXContainerItemProxy section */
		C014DCC423EA674600C56200 /* PBXContainerItemProxy */ = {
			isa = PBXContainerItemProxy;
			containerPortal = C014DCA523EA674400C56200 /* Project object */;
			proxyType = 1;
			remoteGlobalIDString = C014DCAC23EA674400C56200;
			remoteInfo = "Location test";
		};
		C014DCCF23EA674600C56200 /* PBXContainerItemProxy */ = {
			isa = PBXContainerItemProxy;
			containerPortal = C014DCA523EA674400C56200 /* Project object */;
			proxyType = 1;
			remoteGlobalIDString = C014DCAC23EA674400C56200;
			remoteInfo = "Location test";
		};
/* End PBXContainerItemProxy section */

/* Begin PBXFileReference section */
		C014DCAD23EA674400C56200 /* Location test.app */ = {isa = PBXFileReference; explicitFileType = wrapper.application; includeInIndex = 0; path = "Location test.app"; sourceTree = BUILT_PRODUCTS_DIR; };
		C014DCB023EA674400C56200 /* AppDelegate.swift */ = {isa = PBXFileReference; lastKnownFileType = sourcecode.swift; path = AppDelegate.swift; sourceTree = "<group>"; };
		C014DCB223EA674400C56200 /* SceneDelegate.swift */ = {isa = PBXFileReference; lastKnownFileType = sourcecode.swift; path = SceneDelegate.swift; sourceTree = "<group>"; };
		C014DCB423EA674400C56200 /* ContentView.swift */ = {isa = PBXFileReference; lastKnownFileType = sourcecode.swift; path = ContentView.swift; sourceTree = "<group>"; };
		C014DCB623EA674600C56200 /* Assets.xcassets */ = {isa = PBXFileReference; lastKnownFileType = folder.assetcatalog; path = Assets.xcassets; sourceTree = "<group>"; };
		C014DCB923EA674600C56200 /* Preview Assets.xcassets */ = {isa = PBXFileReference; lastKnownFileType = folder.assetcatalog; path = "Preview Assets.xcassets"; sourceTree = "<group>"; };
		C014DCBC23EA674600C56200 /* Base */ = {isa = PBXFileReference; lastKnownFileType = file.storyboard; name = Base; path = Base.lproj/LaunchScreen.storyboard; sourceTree = "<group>"; };
		C014DCBE23EA674600C56200 /* Info.plist */ = {isa = PBXFileReference; lastKnownFileType = text.plist.xml; path = Info.plist; sourceTree = "<group>"; };
		C014DCC323EA674600C56200 /* Location testTests.xctest */ = {isa = PBXFileReference; explicitFileType = wrapper.cfbundle; includeInIndex = 0; path = "Location testTests.xctest"; sourceTree = BUILT_PRODUCTS_DIR; };
		C014DCC723EA674600C56200 /* Location_testTests.swift */ = {isa = PBXFileReference; lastKnownFileType = sourcecode.swift; path = Location_testTests.swift; sourceTree = "<group>"; };
		C014DCC923EA674600C56200 /* Info.plist */ = {isa = PBXFileReference; lastKnownFileType = text.plist.xml; path = Info.plist; sourceTree = "<group>"; };
		C014DCCE23EA674600C56200 /* Location testUITests.xctest */ = {isa = PBXFileReference; explicitFileType = wrapper.cfbundle; includeInIndex = 0; path = "Location testUITests.xctest"; sourceTree = BUILT_PRODUCTS_DIR; };
		C014DCD223EA674600C56200 /* Location_testUITests.swift */ = {isa = PBXFileReference; lastKnownFileType = sourcecode.swift; path = Location_testUITests.swift; sourceTree = "<group>"; };
		C014DCD423EA674600C56200 /* Info.plist */ = {isa = PBXFileReference; lastKnownFileType = text.plist.xml; path = Info.plist; sourceTree = "<group>"; };
		C014DCE023EA675D00C56200 /* Location-test.gpx */ = {isa = PBXFileReference; lastKnownFileType = text.xml; path = "Location-test.gpx"; sourceTree = "<group>"; };
/* End PBXFileReference section */

/* Begin PBXFrameworksBuildPhase section */
		C014DCAA23EA674400C56200 /* Frameworks */ = {
			isa = PBXFrameworksBuildPhase;
			buildActionMask = 2147483647;
			files = (
			);
			runOnlyForDeploymentPostprocessing = 0;
		};
		C014DCC023EA674600C56200 /* Frameworks */ = {
			isa = PBXFrameworksBuildPhase;
			buildActionMask = 2147483647;
			files = (
			);
			runOnlyForDeploymentPostprocessing = 0;
		};
		C014DCCB23EA674600C56200 /* Frameworks */ = {
			isa = PBXFrameworksBuildPhase;
			buildActionMask = 2147483647;
			files = (
			);
			runOnlyForDeploymentPostprocessing = 0;
		};
/* End PBXFrameworksBuildPhase section */

/* Begin PBXGroup section */
		C014DCA423EA674400C56200 = {
			isa = PBXGroup;
			children = (
				C014DCE023EA675D00C56200 /* Location-test.gpx */,
				C014DCAF23EA674400C56200 /* Location test */,
				C014DCC623EA674600C56200 /* Location testTests */,
				C014DCD123EA674600C56200 /* Location testUITests */,
				C014DCAE23EA674400C56200 /* Products */,
			);
			sourceTree = "<group>";
		};
		C014DCAE23EA674400C56200 /* Products */ = {
			isa = PBXGroup;
			children = (
				C014DCAD23EA674400C56200 /* Location test.app */,
				C014DCC323EA674600C56200 /* Location testTests.xctest */,
				C014DCCE23EA674600C56200 /* Location testUITests.xctest */,
			);
			name = Products;
			sourceTree = "<group>";
		};
		C014DCAF23EA674400C56200 /* Location test */ = {
			isa = PBXGroup;
			children = (
				C014DCB023EA674400C56200 /* AppDelegate.swift */,
				C014DCB223EA674400C56200 /* SceneDelegate.swift */,
				C014DCB423EA674400C56200 /* ContentView.swift */,
				C014DCB623EA674600C56200 /* Assets.xcassets */,
				C014DCBB23EA674600C56200 /* LaunchScreen.storyboard */,
				C014DCBE23EA674600C56200 /* Info.plist */,
				C014DCB823EA674600C56200 /* Preview Content */,
			);
			path = "Location test";
			sourceTree = "<group>";
		};
		C014DCB823EA674600C56200 /* Preview Content */ = {
			isa = PBXGroup;
			children = (
				C014DCB923EA674600C56200 /* Preview Assets.xcassets */,
			);
			path = "Preview Content";
			sourceTree = "<group>";
		};
		C014DCC623EA674600C56200 /* Location testTests */ = {
			isa = PBXGroup;
			children = (
				C014DCC723EA674600C56200 /* Location_testTests.swift */,
				C014DCC923EA674600C56200 /* Info.plist */,
			);
			path = "Location testTests";
			sourceTree = "<group>";
		};
		C014DCD123EA674600C56200 /* Location testUITests */ = {
			isa = PBXGroup;
			children = (
				C014DCD223EA674600C56200 /* Location_testUITests.swift */,
				C014DCD423EA674600C56200 /* Info.plist */,
			);
			path = "Location testUITests";
			sourceTree = "<group>";
		};
/* End PBXGroup section */

/* Begin PBXNativeTarget section */
		C014DCAC23EA674400C56200 /* Location test */ = {
			isa = PBXNativeTarget;
			buildConfigurationList = C014DCD723EA674600C56200 /* Build configuration list for PBXNativeTarget "Location test" */;
			buildPhases = (
				C014DCA923EA674400C56200 /* Sources */,
				C014DCAA23EA674400C56200 /* Frameworks */,
				C014DCAB23EA674400C56200 /* Resources */,
			);
			buildRules = (
			);
			dependencies = (
			);
			name = "Location test";
			productName = "Location test";
			productReference = C014DCAD23EA674400C56200 /* Location test.app */;
			productType = "com.apple.product-type.application";
		};
		C014DCC223EA674600C56200 /* Location testTests */ = {
			isa = PBXNativeTarget;
			buildConfigurationList = C014DCDA23EA674600C56200 /* Build configuration list for PBXNativeTarget "Location testTests" */;
			buildPhases = (
				C014DCBF23EA674600C56200 /* Sources */,
				C014DCC023EA674600C56200 /* Frameworks */,
				C014DCC123EA674600C56200 /* Resources */,
			);
			buildRules = (
			);
			dependencies = (
				C014DCC523EA674600C56200 /* PBXTargetDependency */,
			);
			name = "Location testTests";
			productName = "Location testTests";
			productReference = C014DCC323EA674600C56200 /* Location testTests.xctest */;
			productType = "com.apple.product-type.bundle.unit-test";
		};
		C014DCCD23EA674600C56200 /* Location testUITests */ = {
			isa = PBXNativeTarget;
			buildConfigurationList = C014DCDD23EA674600C56200 /* Build configuration list for PBXNativeTarget "Location testUITests" */;
			buildPhases = (
				C014DCCA23EA674600C56200 /* Sources */,
				C014DCCB23EA674600C56200 /* Frameworks */,
				C014DCCC23EA674600C56200 /* Resources */,
			);
			buildRules = (
			);
			dependencies = (
				C014DCD023EA674600C56200 /* PBXTargetDependency */,
			);
			name = "Location testUITests";
			productName = "Location testUITests";
			productReference = C014DCCE23EA674600C56200 /* Location testUITests.xctest */;
			productType = "com.apple.product-type.bundle.ui-testing";
		};
/* End PBXNativeTarget section */

/* Begin PBXProject section */
		C014DCA523EA674400C56200 /* Project object */ = {
			isa = PBXProject;
			attributes = {
				LastSwiftUpdateCheck = 1130;
				LastUpgradeCheck = 1130;
				ORGANIZATIONNAME = taichimurai;
				TargetAttributes = {
					C014DCAC23EA674400C56200 = {
						CreatedOnToolsVersion = 11.3.1;
					};
					C014DCC223EA674600C56200 = {
						CreatedOnToolsVersion = 11.3.1;
						TestTargetID = C014DCAC23EA674400C56200;
					};
					C014DCCD23EA674600C56200 = {
						CreatedOnToolsVersion = 11.3.1;
						TestTargetID = C014DCAC23EA674400C56200;
					};
				};
			};
			buildConfigurationList = C014DCA823EA674400C56200 /* Build configuration list for PBXProject "Location test" */;
			compatibilityVersion = "Xcode 9.3";
			developmentRegion = en;
			hasScannedForEncodings = 0;
			knownRegions = (
				en,
				Base,
			);
			mainGroup = C014DCA423EA674400C56200;
			productRefGroup = C014DCAE23EA674400C56200 /* Products */;
			projectDirPath = "";
			projectRoot = "";
			targets = (
				C014DCAC23EA674400C56200 /* Location test */,
				C014DCC223EA674600C56200 /* Location testTests */,
				C014DCCD23EA674600C56200 /* Location testUITests */,
			);
		};
/* End PBXProject section */

/* Begin PBXResourcesBuildPhase section */
		C014DCAB23EA674400C56200 /* Resources */ = {
			isa = PBXResourcesBuildPhase;
			buildActionMask = 2147483647;
			files = (
				C014DCBD23EA674600C56200 /* LaunchScreen.storyboard in Resources */,
				C014DCBA23EA674600C56200 /* Preview Assets.xcassets in Resources */,
				C014DCB723EA674600C56200 /* Assets.xcassets in Resources */,
			);
			runOnlyForDeploymentPostprocessing = 0;
		};
		C014DCC123EA674600C56200 /* Resources */ = {
			isa = PBXResourcesBuildPhase;
			buildActionMask = 2147483647;
			files = (
			);
			runOnlyForDeploymentPostprocessing = 0;
		};
		C014DCCC23EA674600C56200 /* Resources */ = {
			isa = PBXResourcesBuildPhase;
			buildActionMask = 2147483647;
			files = (
			);
			runOnlyForDeploymentPostprocessing = 0;
		};
/* End PBXResourcesBuildPhase section */

/* Begin PBXSourcesBuildPhase section */
		C014DCA923EA674400C56200 /* Sources */ = {
			isa = PBXSourcesBuildPhase;
			buildActionMask = 2147483647;
			files = (
				C014DCB123EA674400C56200 /* AppDelegate.swift in Sources */,
				C014DCB323EA674400C56200 /* SceneDelegate.swift in Sources */,
				C014DCB523EA674400C56200 /* ContentView.swift in Sources */,
			);
			runOnlyForDeploymentPostprocessing = 0;
		};
		C014DCBF23EA674600C56200 /* Sources */ = {
			isa = PBXSourcesBuildPhase;
			buildActionMask = 2147483647;
			files = (
				C014DCC823EA674600C56200 /* Location_testTests.swift in Sources */,
			);
			runOnlyForDeploymentPostprocessing = 0;
		};
		C014DCCA23EA674600C56200 /* Sources */ = {
			isa = PBXSourcesBuildPhase;
			buildActionMask = 2147483647;
			files = (
				C014DCD323EA674600C56200 /* Location_testUITests.swift in Sources */,
			);
			runOnlyForDeploymentPostprocessing = 0;
		};
/* End PBXSourcesBuildPhase section */

/* Begin PBXTargetDependency section */
		C014DCC523EA674600C56200 /* PBXTargetDependency */ = {
			isa = PBXTargetDependency;
			target = C014DCAC23EA674400C56200 /* Location test */;
			targetProxy = C014DCC423EA674600C56200 /* PBXContainerItemProxy */;
		};
		C014DCD023EA674600C56200 /* PBXTargetDependency */ = {
			isa = PBXTargetDependency;
			target = C014DCAC23EA674400C56200 /* Location test */;
			targetProxy = C014DCCF23EA674600C56200 /* PBXContainerItemProxy */;
		};
/* End PBXTargetDependency section */

/* Begin PBXVariantGroup section */
		C014DCBB23EA674600C56200 /* LaunchScreen.storyboard */ = {
			isa = PBXVariantGroup;
			children = (
				C014DCBC23EA674600C56200 /* Base */,
			);
			name = LaunchScreen.storyboard;
			sourceTree = "<group>";
		};
/* End PBXVariantGroup section */

/* Begin XCBuildConfiguration section */
		C014DCD523EA674600C56200 /* Debug */ = {
			isa = XCBuildConfiguration;
			buildSettings = {
				ALWAYS_SEARCH_USER_PATHS = NO;
				CLANG_ANALYZER_NONNULL = YES;
				CLANG_ANALYZER_NUMBER_OBJECT_CONVERSION = YES_AGGRESSIVE;
				CLANG_CXX_LANGUAGE_STANDARD = "gnu++14";
				CLANG_CXX_LIBRARY = "libc++";
				CLANG_ENABLE_MODULES = YES;
				CLANG_ENABLE_OBJC_ARC = YES;
				CLANG_ENABLE_OBJC_WEAK = YES;
				CLANG_WARN_BLOCK_CAPTURE_AUTORELEASING = YES;
				CLANG_WARN_BOOL_CONVERSION = YES;
				CLANG_WARN_COMMA = YES;
				CLANG_WARN_CONSTANT_CONVERSION = YES;
				CLANG_WARN_DEPRECATED_OBJC_IMPLEMENTATIONS = YES;
				CLANG_WARN_DIRECT_OBJC_ISA_USAGE = YES_ERROR;
				CLANG_WARN_DOCUMENTATION_COMMENTS = YES;
				CLANG_WARN_EMPTY_BODY = YES;
				CLANG_WARN_ENUM_CONVERSION = YES;
				CLANG_WARN_INFINITE_RECURSION = YES;
				CLANG_WARN_INT_CONVERSION = YES;
				CLANG_WARN_NON_LITERAL_NULL_CONVERSION = YES;
				CLANG_WARN_OBJC_IMPLICIT_RETAIN_SELF = YES;
				CLANG_WARN_OBJC_LITERAL_CONVERSION = YES;
				CLANG_WARN_OBJC_ROOT_CLASS = YES_ERROR;
				CLANG_WARN_RANGE_LOOP_ANALYSIS = YES;
				CLANG_WARN_STRICT_PROTOTYPES = YES;
				CLANG_WARN_SUSPICIOUS_MOVE = YES;
				CLANG_WARN_UNGUARDED_AVAILABILITY = YES_AGGRESSIVE;
				CLANG_WARN_UNREACHABLE_CODE = YES;
				CLANG_WARN__DUPLICATE_METHOD_MATCH = YES;
				COPY_PHASE_STRIP = NO;
				DEBUG_INFORMATION_FORMAT = dwarf;
				ENABLE_STRICT_OBJC_MSGSEND = YES;
				ENABLE_TESTABILITY = YES;
				GCC_C_LANGUAGE_STANDARD = gnu11;
				GCC_DYNAMIC_NO_PIC = NO;
				GCC_NO_COMMON_BLOCKS = YES;
				GCC_OPTIMIZATION_LEVEL = 0;
				GCC_PREPROCESSOR_DEFINITIONS = (
					"DEBUG=1",
					"$(inherited)",
				);
				GCC_WARN_64_TO_32_BIT_CONVERSION = YES;
				GCC_WARN_ABOUT_RETURN_TYPE = YES_ERROR;
				GCC_WARN_UNDECLARED_SELECTOR = YES;
				GCC_WARN_UNINITIALIZED_AUTOS = YES_AGGRESSIVE;
				GCC_WARN_UNUSED_FUNCTION = YES;
				GCC_WARN_UNUSED_VARIABLE = YES;
				IPHONEOS_DEPLOYMENT_TARGET = 13.2;
				MTL_ENABLE_DEBUG_INFO = INCLUDE_SOURCE;
				MTL_FAST_MATH = YES;
				ONLY_ACTIVE_ARCH = YES;
				SDKROOT = iphoneos;
				SWIFT_ACTIVE_COMPILATION_CONDITIONS = DEBUG;
				SWIFT_OPTIMIZATION_LEVEL = "-Onone";
			};
			name = Debug;
		};
		C014DCD623EA674600C56200 /* Release */ = {
			isa = XCBuildConfiguration;
			buildSettings = {
				ALWAYS_SEARCH_USER_PATHS = NO;
				CLANG_ANALYZER_NONNULL = YES;
				CLANG_ANALYZER_NUMBER_OBJECT_CONVERSION = YES_AGGRESSIVE;
				CLANG_CXX_LANGUAGE_STANDARD = "gnu++14";
				CLANG_CXX_LIBRARY = "libc++";
				CLANG_ENABLE_MODULES = YES;
				CLANG_ENABLE_OBJC_ARC = YES;
				CLANG_ENABLE_OBJC_WEAK = YES;
				CLANG_WARN_BLOCK_CAPTURE_AUTORELEASING = YES;
				CLANG_WARN_BOOL_CONVERSION = YES;
				CLANG_WARN_COMMA = YES;
				CLANG_WARN_CONSTANT_CONVERSION = YES;
				CLANG_WARN_DEPRECATED_OBJC_IMPLEMENTATIONS = YES;
				CLANG_WARN_DIRECT_OBJC_ISA_USAGE = YES_ERROR;
				CLANG_WARN_DOCUMENTATION_COMMENTS = YES;
				CLANG_WARN_EMPTY_BODY = YES;
				CLANG_WARN_ENUM_CONVERSION = YES;
				CLANG_WARN_INFINITE_RECURSION = YES;
				CLANG_WARN_INT_CONVERSION = YES;
				CLANG_WARN_NON_LITERAL_NULL_CONVERSION = YES;
				CLANG_WARN_OBJC_IMPLICIT_RETAIN_SELF = YES;
				CLANG_WARN_OBJC_LITERAL_CONVERSION = YES;
				CLANG_WARN_OBJC_ROOT_CLASS = YES_ERROR;
				CLANG_WARN_RANGE_LOOP_ANALYSIS = YES;
				CLANG_WARN_STRICT_PROTOTYPES = YES;
				CLANG_WARN_SUSPICIOUS_MOVE = YES;
				CLANG_WARN_UNGUARDED_AVAILABILITY = YES_AGGRESSIVE;
				CLANG_WARN_UNREACHABLE_CODE = YES;
				CLANG_WARN__DUPLICATE_METHOD_MATCH = YES;
				COPY_PHASE_STRIP = NO;
				DEBUG_INFORMATION_FORMAT = "dwarf-with-dsym";
				ENABLE_NS_ASSERTIONS = NO;
				ENABLE_STRICT_OBJC_MSGSEND = YES;
				GCC_C_LANGUAGE_STANDARD = gnu11;
				GCC_NO_COMMON_BLOCKS = YES;
				GCC_WARN_64_TO_32_BIT_CONVERSION = YES;
				GCC_WARN_ABOUT_RETURN_TYPE = YES_ERROR;
				GCC_WARN_UNDECLARED_SELECTOR = YES;
				GCC_WARN_UNINITIALIZED_AUTOS = YES_AGGRESSIVE;
				GCC_WARN_UNUSED_FUNCTION = YES;
				GCC_WARN_UNUSED_VARIABLE = YES;
				IPHONEOS_DEPLOYMENT_TARGET = 13.2;
				MTL_ENABLE_DEBUG_INFO = NO;
				MTL_FAST_MATH = YES;
				SDKROOT = iphoneos;
				SWIFT_COMPILATION_MODE = wholemodule;
				SWIFT_OPTIMIZATION_LEVEL = "-O";
				VALIDATE_PRODUCT = YES;
			};
			name = Release;
		};
		C014DCD823EA674600C56200 /* Debug */ = {
			isa = XCBuildConfiguration;
			buildSettings = {
				ASSETCATALOG_COMPILER_APPICON_NAME = AppIcon;
				CODE_SIGN_STYLE = Automatic;
				DEVELOPMENT_ASSET_PATHS = "\"Location test/Preview Content\"";
				DEVELOPMENT_TEAM = B9L7L75QK7;
				ENABLE_PREVIEWS = YES;
				INFOPLIST_FILE = "Location test/Info.plist";
				LD_RUNPATH_SEARCH_PATHS = (
					"$(inherited)",
					"@executable_path/Frameworks",
				);
				PRODUCT_BUNDLE_IDENTIFIER = "Location-test.Location-test";
				PRODUCT_NAME = "$(TARGET_NAME)";
				SWIFT_VERSION = 5.0;
				TARGETED_DEVICE_FAMILY = "1,2";
			};
			name = Debug;
		};
		C014DCD923EA674600C56200 /* Release */ = {
			isa = XCBuildConfiguration;
			buildSettings = {
				ASSETCATALOG_COMPILER_APPICON_NAME = AppIcon;
				CODE_SIGN_STYLE = Automatic;
				DEVELOPMENT_ASSET_PATHS = "\"Location test/Preview Content\"";
				DEVELOPMENT_TEAM = B9L7L75QK7;
				ENABLE_PREVIEWS = YES;
				INFOPLIST_FILE = "Location test/Info.plist";
				LD_RUNPATH_SEARCH_PATHS = (
					"$(inherited)",
					"@executable_path/Frameworks",
				);
				PRODUCT_BUNDLE_IDENTIFIER = "Location-test.Location-test";
				PRODUCT_NAME = "$(TARGET_NAME)";
				SWIFT_VERSION = 5.0;
				TARGETED_DEVICE_FAMILY = "1,2";
			};
			name = Release;
		};
		C014DCDB23EA674600C56200 /* Debug */ = {
			isa = XCBuildConfiguration;
			buildSettings = {
				ALWAYS_EMBED_SWIFT_STANDARD_LIBRARIES = YES;
				BUNDLE_LOADER = "$(TEST_HOST)";
				CODE_SIGN_STYLE = Automatic;
				DEVELOPMENT_TEAM = B9L7L75QK7;
				INFOPLIST_FILE = "Location testTests/Info.plist";
				IPHONEOS_DEPLOYMENT_TARGET = 13.2;
				LD_RUNPATH_SEARCH_PATHS = (
					"$(inherited)",
					"@executable_path/Frameworks",
					"@loader_path/Frameworks",
				);
				PRODUCT_BUNDLE_IDENTIFIER = "Location-test.Location-testTests";
				PRODUCT_NAME = "$(TARGET_NAME)";
				SWIFT_VERSION = 5.0;
				TARGETED_DEVICE_FAMILY = "1,2";
				TEST_HOST = "$(BUILT_PRODUCTS_DIR)/Location test.app/Location test";
			};
			name = Debug;
		};
		C014DCDC23EA674600C56200 /* Release */ = {
			isa = XCBuildConfiguration;
			buildSettings = {
				ALWAYS_EMBED_SWIFT_STANDARD_LIBRARIES = YES;
				BUNDLE_LOADER = "$(TEST_HOST)";
				CODE_SIGN_STYLE = Automatic;
				DEVELOPMENT_TEAM = B9L7L75QK7;
				INFOPLIST_FILE = "Location testTests/Info.plist";
				IPHONEOS_DEPLOYMENT_TARGET = 13.2;
				LD_RUNPATH_SEARCH_PATHS = (
					"$(inherited)",
					"@executable_path/Frameworks",
					"@loader_path/Frameworks",
				);
				PRODUCT_BUNDLE_IDENTIFIER = "Location-test.Location-testTests";
				PRODUCT_NAME = "$(TARGET_NAME)";
				SWIFT_VERSION = 5.0;
				TARGETED_DEVICE_FAMILY = "1,2";
				TEST_HOST = "$(BUILT_PRODUCTS_DIR)/Location test.app/Location test";
			};
			name = Release;
		};
		C014DCDE23EA674600C56200 /* Debug */ = {
			isa = XCBuildConfiguration;
			buildSettings = {
				ALWAYS_EMBED_SWIFT_STANDARD_LIBRARIES = YES;
				CODE_SIGN_STYLE = Automatic;
				DEVELOPMENT_TEAM = B9L7L75QK7;
				INFOPLIST_FILE = "Location testUITests/Info.plist";
				LD_RUNPATH_SEARCH_PATHS = (
					"$(inherited)",
					"@executable_path/Frameworks",
					"@loader_path/Frameworks",
				);
				PRODUCT_BUNDLE_IDENTIFIER = "Location-test.Location-testUITests";
				PRODUCT_NAME = "$(TARGET_NAME)";
				SWIFT_VERSION = 5.0;
				TARGETED_DEVICE_FAMILY = "1,2";
				TEST_TARGET_NAME = "Location test";
			};
			name = Debug;
		};
		C014DCDF23EA674600C56200 /* Release */ = {
			isa = XCBuildConfiguration;
			buildSettings = {
				ALWAYS_EMBED_SWIFT_STANDARD_LIBRARIES = YES;
				CODE_SIGN_STYLE = Automatic;
				DEVELOPMENT_TEAM = B9L7L75QK7;
				INFOPLIST_FILE = "Location testUITests/Info.plist";
				LD_RUNPATH_SEARCH_PATHS = (
					"$(inherited)",
					"@executable_path/Frameworks",
					"@loader_path/Frameworks",
				);
				PRODUCT_BUNDLE_IDENTIFIER = "Location-test.Location-testUITests";
				PRODUCT_NAME = "$(TARGET_NAME)";
				SWIFT_VERSION = 5.0;
				TARGETED_DEVICE_FAMILY = "1,2";
				TEST_TARGET_NAME = "Location test";
			};
			name = Release;
		};
/* End XCBuildConfiguration section */

/* Begin XCConfigurationList section */
		C014DCA823EA674400C56200 /* Build configuration list for PBXProject "Location test" */ = {
			isa = XCConfigurationList;
			buildConfigurations = (
				C014DCD523EA674600C56200 /* Debug */,
				C014DCD623EA674600C56200 /* Release */,
			);
			defaultConfigurationIsVisible = 0;
			defaultConfigurationName = Release;
		};
		C014DCD723EA674600C56200 /* Build configuration list for PBXNativeTarget "Location test" */ = {
			isa = XCConfigurationList;
			buildConfigurations = (
				C014DCD823EA674600C56200 /* Debug */,
				C014DCD923EA674600C56200 /* Release */,
			);
			defaultConfigurationIsVisible = 0;
			defaultConfigurationName = Release;
		};
		C014DCDA23EA674600C56200 /* Build configuration list for PBXNativeTarget "Location testTests" */ = {
			isa = XCConfigurationList;
			buildConfigurations = (
				C014DCDB23EA674600C56200 /* Debug */,
				C014DCDC23EA674600C56200 /* Release */,
			);
			defaultConfigurationIsVisible = 0;
			defaultConfigurationName = Release;
		};
		C014DCDD23EA674600C56200 /* Build configuration list for PBXNativeTarget "Location testUITests" */ = {
			isa = XCConfigurationList;
			buildConfigurations = (
				C014DCDE23EA674600C56200 /* Debug */,
				C014DCDF23EA674600C56200 /* Release */,
			);
			defaultConfigurationIsVisible = 0;
			defaultConfigurationName = Release;
		};
/* End XCConfigurationList section */
	};
	rootObject = C014DCA523EA674400C56200 /* Project object */;
}
